{
  "object": {
    "pins": [
      {
        "package": "Sentry",
        "repositoryURL": "https://github.com/The-Actual-Damien/https-github.com-getsentry-sentry-cocoa.git",
        "state": {
          "branch": null,
          "revision": "946cbb6daccedf40d652a12138f78e96f660e1ad",
          "version": "6.2.1"
        }
      },
      {
        "package": "KeychainAccess",
        "repositoryURL": "https://github.com/kishikawakatsumi/KeychainAccess.git",
        "state": {
          "branch": null,
          "revision": "84e546727d66f1adc5439debad16270d0fdd04e7",
          "version": "4.2.2"
        }
      }
    ]
  },
  "version": 1
}
